// !$*UTF8*$!
{
	archiveVersion = 1;
	classes = {
	};
	objectVersion = 56;
	objects = {

/* Begin PBXBuildFile section */
		0D2DB4452B4EEDA3003D2414 /* FirebaseAuth in Frameworks */ = {isa = PBXBuildFile; productRef = 0D2DB4442B4EEDA3003D2414 /* FirebaseAuth */; };
		0D2DB44B2B4EEDA3003D2414 /* FirebaseDatabase in Frameworks */ = {isa = PBXBuildFile; productRef = 0D2DB44A2B4EEDA3003D2414 /* FirebaseDatabase */; };
		0D2DB44D2B4EEDA3003D2414 /* FirebaseDatabaseSwift in Frameworks */ = {isa = PBXBuildFile; productRef = 0D2DB44C2B4EEDA3003D2414 /* FirebaseDatabaseSwift */; };
		0D2DB4512B4EEDA3003D2414 /* FirebaseFirestore in Frameworks */ = {isa = PBXBuildFile; productRef = 0D2DB4502B4EEDA3003D2414 /* FirebaseFirestore */; };
		0D2DB4552B4EEDA3003D2414 /* FirebaseFirestoreSwift in Frameworks */ = {isa = PBXBuildFile; productRef = 0D2DB4542B4EEDA3003D2414 /* FirebaseFirestoreSwift */; };
		0D2DB4572B4EEDA3003D2414 /* FirebaseFunctions in Frameworks */ = {isa = PBXBuildFile; productRef = 0D2DB4562B4EEDA3003D2414 /* FirebaseFunctions */; };
		0D2DB45F2B4EEDA3003D2414 /* FirebaseInstallations in Frameworks */ = {isa = PBXBuildFile; productRef = 0D2DB45E2B4EEDA3003D2414 /* FirebaseInstallations */; };
		0D2DB46B2B4EEDA3003D2414 /* FirebaseStorage in Frameworks */ = {isa = PBXBuildFile; productRef = 0D2DB46A2B4EEDA3003D2414 /* FirebaseStorage */; };
		0D2DB46D2B4EEDA3003D2414 /* FirebaseStorageCombine-Community in Frameworks */ = {isa = PBXBuildFile; productRef = 0D2DB46C2B4EEDA3003D2414 /* FirebaseStorageCombine-Community */; };
		0D2DB4742B4EEE17003D2414 /* ProfileView.swift in Sources */ = {isa = PBXBuildFile; fileRef = 0D2DB46E2B4EEE17003D2414 /* ProfileView.swift */; };
		0D2DB4762B4EEE17003D2414 /* EditProfile.swift in Sources */ = {isa = PBXBuildFile; fileRef = 0D2DB4702B4EEE17003D2414 /* EditProfile.swift */; };
		0D2DB4792B4EEE17003D2414 /* PrivacyPolicy.swift in Sources */ = {isa = PBXBuildFile; fileRef = 0D2DB4732B4EEE17003D2414 /* PrivacyPolicy.swift */; };
		0D2DB48A2B4EEE60003D2414 /* NavigationSettings.swift in Sources */ = {isa = PBXBuildFile; fileRef = 0D2DB47B2B4EEE60003D2414 /* NavigationSettings.swift */; };
		0D2DB48B2B4EEE60003D2414 /* General.swift in Sources */ = {isa = PBXBuildFile; fileRef = 0D2DB47C2B4EEE60003D2414 /* General.swift */; };
		0D2DB48C2B4EEE60003D2414 /* CustomButton.swift in Sources */ = {isa = PBXBuildFile; fileRef = 0D2DB47D2B4EEE60003D2414 /* CustomButton.swift */; };
		0D2DB48D2B4EEE60003D2414 /* CustomSecureField.swift in Sources */ = {isa = PBXBuildFile; fileRef = 0D2DB47E2B4EEE60003D2414 /* CustomSecureField.swift */; };
		0D2DB48E2B4EEE60003D2414 /* More.swift in Sources */ = {isa = PBXBuildFile; fileRef = 0D2DB47F2B4EEE60003D2414 /* More.swift */; };
		0D2DB48F2B4EEE60003D2414 /* CustomTextField.swift in Sources */ = {isa = PBXBuildFile; fileRef = 0D2DB4802B4EEE60003D2414 /* CustomTextField.swift */; };
		0D2DB4902B4EEE60003D2414 /* HeaderView.swift in Sources */ = {isa = PBXBuildFile; fileRef = 0D2DB4812B4EEE60003D2414 /* HeaderView.swift */; };
		0D2DB4912B4EEE60003D2414 /* EmptyProfileView.swift in Sources */ = {isa = PBXBuildFile; fileRef = 0D2DB4822B4EEE60003D2414 /* EmptyProfileView.swift */; };
		0D2DB4922B4EEE60003D2414 /* RegistrationView.swift in Sources */ = {isa = PBXBuildFile; fileRef = 0D2DB4842B4EEE60003D2414 /* RegistrationView.swift */; };
		0D2DB4932B4EEE60003D2414 /* LogInView.swift in Sources */ = {isa = PBXBuildFile; fileRef = 0D2DB4852B4EEE60003D2414 /* LogInView.swift */; };
		0D2DB4942B4EEE60003D2414 /* ReturnPassword.swift in Sources */ = {isa = PBXBuildFile; fileRef = 0D2DB4862B4EEE60003D2414 /* ReturnPassword.swift */; };
		0D2DB4952B4EEE60003D2414 /* SignInViewModel.swift in Sources */ = {isa = PBXBuildFile; fileRef = 0D2DB4882B4EEE60003D2414 /* SignInViewModel.swift */; };
		0D2DB4962B4EEE60003D2414 /* FirebaseManager.swift in Sources */ = {isa = PBXBuildFile; fileRef = 0D2DB4892B4EEE60003D2414 /* FirebaseManager.swift */; };
		0D2DB4982B4EEF1C003D2414 /* GoogleService-Info.plist in Resources */ = {isa = PBXBuildFile; fileRef = 0D2DB4972B4EEF1B003D2414 /* GoogleService-Info.plist */; };
		0D2DB49A2B4F1D15003D2414 /* NotificationVIew.swift in Sources */ = {isa = PBXBuildFile; fileRef = 0D2DB4992B4F1D15003D2414 /* NotificationVIew.swift */; };
		0D2DB49C2B505744003D2414 /* ImagePicker.swift in Sources */ = {isa = PBXBuildFile; fileRef = 0D2DB49B2B505744003D2414 /* ImagePicker.swift */; };
		0D2DB49E2B507D3B003D2414 /* LanguageView.swift in Sources */ = {isa = PBXBuildFile; fileRef = 0D2DB49D2B507D3B003D2414 /* LanguageView.swift */; };
		0D6742602B518BE300684987 /* WishlistProfile.swift in Sources */ = {isa = PBXBuildFile; fileRef = 0D67425F2B518BE300684987 /* WishlistProfile.swift */; };
		0D6742622B5199B600684987 /* AboutUsView.swift in Sources */ = {isa = PBXBuildFile; fileRef = 0D6742612B5199B600684987 /* AboutUsView.swift */; };
		0D6742642B51A33100684987 /* ShakeAnimation.swift in Sources */ = {isa = PBXBuildFile; fileRef = 0D6742632B51A33100684987 /* ShakeAnimation.swift */; };
		284665612B5326C1003CE794 /* VerticalPoster.swift in Sources */ = {isa = PBXBuildFile; fileRef = 284665602B5326C1003CE794 /* VerticalPoster.swift */; };
		284665632B53270B003CE794 /* HomeViewModel.swift in Sources */ = {isa = PBXBuildFile; fileRef = 284665622B53270B003CE794 /* HomeViewModel.swift */; };
		284665652B532879003CE794 /* MovieDetailViewModel.swift in Sources */ = {isa = PBXBuildFile; fileRef = 284665642B532879003CE794 /* MovieDetailViewModel.swift */; };
		284665672B532A0E003CE794 /* SearchViewModel.swift in Sources */ = {isa = PBXBuildFile; fileRef = 284665662B532A0E003CE794 /* SearchViewModel.swift */; };
		287C8E0B2B384D6100C687E7 /* Montserrat-Medium.ttf in Resources */ = {isa = PBXBuildFile; fileRef = 287C8E082B384D1B00C687E7 /* Montserrat-Medium.ttf */; };
		287C8E0C2B384D6400C687E7 /* Montserrat-Regular.ttf in Resources */ = {isa = PBXBuildFile; fileRef = 287C8E092B384D1B00C687E7 /* Montserrat-Regular.ttf */; };
		287C8E0D2B384D6700C687E7 /* Montserrat-SemiBold.ttf in Resources */ = {isa = PBXBuildFile; fileRef = 287C8E0A2B384D1C00C687E7 /* Montserrat-SemiBold.ttf */; };
		287C8E132B38537900C687E7 /* Font+ext.swift in Sources */ = {isa = PBXBuildFile; fileRef = 287C8E122B38537900C687E7 /* Font+ext.swift */; };
		287C8E272B38707400C687E7 /* Localizable.xcstrings in Resources */ = {isa = PBXBuildFile; fileRef = 287C8E262B38707400C687E7 /* Localizable.xcstrings */; };
		287C8E2A2B38883F00C687E7 /* MovieView.swift in Sources */ = {isa = PBXBuildFile; fileRef = 287C8E292B38883F00C687E7 /* MovieView.swift */; };
		287C8E2D2B388A2C00C687E7 /* MovieModel.swift in Sources */ = {isa = PBXBuildFile; fileRef = 287C8E2C2B388A2C00C687E7 /* MovieModel.swift */; };
		287C8E2F2B388A4100C687E7 /* PopularMovieViewModel.swift in Sources */ = {isa = PBXBuildFile; fileRef = 287C8E2E2B388A4100C687E7 /* PopularMovieViewModel.swift */; };
		287C8E322B38A02500C687E7 /* ImageText.swift in Sources */ = {isa = PBXBuildFile; fileRef = 287C8E312B38A02500C687E7 /* ImageText.swift */; };
		287C8E342B38A0B900C687E7 /* RatingView.swift in Sources */ = {isa = PBXBuildFile; fileRef = 287C8E332B38A0B900C687E7 /* RatingView.swift */; };
		287C8E362B38AD9E00C687E7 /* View+Ext.swift in Sources */ = {isa = PBXBuildFile; fileRef = 287C8E352B38AD9E00C687E7 /* View+Ext.swift */; };
		288038DF2B3729A500691E0E /* MovieForTodayApp.swift in Sources */ = {isa = PBXBuildFile; fileRef = 288038DE2B3729A500691E0E /* MovieForTodayApp.swift */; };
		288038E12B3729A500691E0E /* ContentView.swift in Sources */ = {isa = PBXBuildFile; fileRef = 288038E02B3729A500691E0E /* ContentView.swift */; };
		288038E32B3729A800691E0E /* Assets.xcassets in Resources */ = {isa = PBXBuildFile; fileRef = 288038E22B3729A800691E0E /* Assets.xcassets */; };
		288038E62B3729A800691E0E /* Preview Assets.xcassets in Resources */ = {isa = PBXBuildFile; fileRef = 288038E52B3729A800691E0E /* Preview Assets.xcassets */; };
		288038ED2B37322800691E0E /* README.md in Resources */ = {isa = PBXBuildFile; fileRef = 288038EC2B37322800691E0E /* README.md */; };
		288038F32B3734FC00691E0E /* HomeView.swift in Sources */ = {isa = PBXBuildFile; fileRef = 288038F22B3734FC00691E0E /* HomeView.swift */; };
		288038F62B37351A00691E0E /* MovieListView.swift in Sources */ = {isa = PBXBuildFile; fileRef = 288038F52B37351A00691E0E /* MovieListView.swift */; };
		288038F92B37353F00691E0E /* PopularMovieView.swift in Sources */ = {isa = PBXBuildFile; fileRef = 288038F82B37353F00691E0E /* PopularMovieView.swift */; };
		288038FC2B37355D00691E0E /* MovieDetailView.swift in Sources */ = {isa = PBXBuildFile; fileRef = 288038FB2B37355D00691E0E /* MovieDetailView.swift */; };
		288038FF2B37357600691E0E /* WishListView.swift in Sources */ = {isa = PBXBuildFile; fileRef = 288038FE2B37357600691E0E /* WishListView.swift */; };
		288039022B37358F00691E0E /* SearchView.swift in Sources */ = {isa = PBXBuildFile; fileRef = 288039012B37358F00691E0E /* SearchView.swift */; };
		288039082B37361200691E0E /* ChristmasTreeView.swift in Sources */ = {isa = PBXBuildFile; fileRef = 288039072B37361200691E0E /* ChristmasTreeView.swift */; };
		2880390E2B373E2900691E0E /* StorageManager.swift in Sources */ = {isa = PBXBuildFile; fileRef = 2880390D2B373E2900691E0E /* StorageManager.swift */; };
		28C829972B4D3488007EFF52 /* advice.json in Resources */ = {isa = PBXBuildFile; fileRef = 28C829962B4D3488007EFF52 /* advice.json */; };
		3B319A3D2B4C42B70056DF68 /* OnboardingViewModel.swift in Sources */ = {isa = PBXBuildFile; fileRef = 3B319A392B4C42B70056DF68 /* OnboardingViewModel.swift */; };
		3B319A3E2B4C42B70056DF68 /* OnboardingView.swift in Sources */ = {isa = PBXBuildFile; fileRef = 3B319A3A2B4C42B70056DF68 /* OnboardingView.swift */; };
		3B319A3F2B4C42B70056DF68 /* OnboardingStepModel.swift in Sources */ = {isa = PBXBuildFile; fileRef = 3B319A3B2B4C42B70056DF68 /* OnboardingStepModel.swift */; };
		3B319A402B4C42B70056DF68 /* OnboardingScreenView.swift in Sources */ = {isa = PBXBuildFile; fileRef = 3B319A3C2B4C42B70056DF68 /* OnboardingScreenView.swift */; };
		6F13DAFA2B4E93A10096F3F8 /* TrailerView.swift in Sources */ = {isa = PBXBuildFile; fileRef = 6F13DAF92B4E93A10096F3F8 /* TrailerView.swift */; };
		867EA8402B3F60BF0039EB19 /* MyLibrary in Resources */ = {isa = PBXBuildFile; fileRef = 867EA83F2B3F60BF0039EB19 /* MyLibrary */; };
		867EA8432B3F60C70039EB19 /* RemoteImage in Frameworks */ = {isa = PBXBuildFile; productRef = 867EA8422B3F60C70039EB19 /* RemoteImage */; };
		86AE81C62B4DE79000DF6977 /* WebPlayer in Frameworks */ = {isa = PBXBuildFile; productRef = 86AE81C52B4DE79000DF6977 /* WebPlayer */; };
		86F236E72B488077000CF45A /* Networking in Frameworks */ = {isa = PBXBuildFile; productRef = 86F236E62B488077000CF45A /* Networking */; };
		FA0ABB902B4D6D39000F30DB /* PosterLabelView.swift in Sources */ = {isa = PBXBuildFile; fileRef = FA0ABB8F2B4D6D39000F30DB /* PosterLabelView.swift */; };
		FA0ABB932B4D7369000F30DB /* MovieCategoryPosterCarouselView.swift in Sources */ = {isa = PBXBuildFile; fileRef = FA0ABB922B4D7369000F30DB /* MovieCategoryPosterCarouselView.swift */; };
		FA0ABB952B4D7B03000F30DB /* MoviePosterCarouselView.swift in Sources */ = {isa = PBXBuildFile; fileRef = FA0ABB942B4D7B03000F30DB /* MoviePosterCarouselView.swift */; };
		FA1C011D2B3C5A880047D1EB /* PlaceholderView.swift in Sources */ = {isa = PBXBuildFile; fileRef = FA1C011C2B3C5A880047D1EB /* PlaceholderView.swift */; };
		FA1C01202B3C644A0047D1EB /* WishListViewCell.swift in Sources */ = {isa = PBXBuildFile; fileRef = FA1C011F2B3C644A0047D1EB /* WishListViewCell.swift */; };
		FA229E0D2B51D58E003A6426 /* Bundle-Decodable.swift in Sources */ = {isa = PBXBuildFile; fileRef = FA229E0C2B51D58E003A6426 /* Bundle-Decodable.swift */; };
		FA229E0F2B51D636003A6426 /* NewYearMovies.swift in Sources */ = {isa = PBXBuildFile; fileRef = FA229E0E2B51D636003A6426 /* NewYearMovies.swift */; };
		FA44168B2B49D62C00AE536B /* CustomSearchBar.swift in Sources */ = {isa = PBXBuildFile; fileRef = FA44168A2B49D62C00AE536B /* CustomSearchBar.swift */; };
		FA44168D2B4A05F900AE536B /* HeadlineView.swift in Sources */ = {isa = PBXBuildFile; fileRef = FA44168C2B4A05F900AE536B /* HeadlineView.swift */; };
		FA732D1C2B5057D1005D46F8 /* DetailBackgroundImageView.swift in Sources */ = {isa = PBXBuildFile; fileRef = FA732D1B2B5057D1005D46F8 /* DetailBackgroundImageView.swift */; };
		FA732D1E2B5058BF005D46F8 /* DetailForegroundImageView.swift in Sources */ = {isa = PBXBuildFile; fileRef = FA732D1D2B5058BF005D46F8 /* DetailForegroundImageView.swift */; };
		FA732D202B505C86005D46F8 /* DetailTextView.swift in Sources */ = {isa = PBXBuildFile; fileRef = FA732D1F2B505C86005D46F8 /* DetailTextView.swift */; };
		FA732D222B505DAE005D46F8 /* CrewLabelsScrollView.swift in Sources */ = {isa = PBXBuildFile; fileRef = FA732D212B505DAE005D46F8 /* CrewLabelsScrollView.swift */; };
		FA732D242B505F25005D46F8 /* GaleryCarouselView.swift in Sources */ = {isa = PBXBuildFile; fileRef = FA732D232B505F25005D46F8 /* GaleryCarouselView.swift */; };
		FA7B26172B45CC7A00B13C6D /* FullScreenImageView.swift in Sources */ = {isa = PBXBuildFile; fileRef = FA7B26162B45CC7A00B13C6D /* FullScreenImageView.swift */; };
		FA83840B2B443F50004B7A13 /* BackgroundImageView.swift in Sources */ = {isa = PBXBuildFile; fileRef = FA83840A2B443F50004B7A13 /* BackgroundImageView.swift */; };
		FA8384102B4473D0004B7A13 /* TrailerButtonView.swift in Sources */ = {isa = PBXBuildFile; fileRef = FA83840F2B4473D0004B7A13 /* TrailerButtonView.swift */; };
		FA8384122B44755F004B7A13 /* ShareButtonView.swift in Sources */ = {isa = PBXBuildFile; fileRef = FA8384112B44755F004B7A13 /* ShareButtonView.swift */; };
		FA8384142B447A9B004B7A13 /* CrewLabelView.swift in Sources */ = {isa = PBXBuildFile; fileRef = FA8384132B447A9B004B7A13 /* CrewLabelView.swift */; };
		FA8F78F82B46E1FC006AC799 /* AddToFavoritesButton.swift in Sources */ = {isa = PBXBuildFile; fileRef = FA8F78F72B46E1FC006AC799 /* AddToFavoritesButton.swift */; };
		FA9AE3532B4EDE1C00084286 /* PagingIndexView.swift in Sources */ = {isa = PBXBuildFile; fileRef = FA9AE3522B4EDE1C00084286 /* PagingIndexView.swift */; };
		FAA5805E2B46DB4C0004BF89 /* CustomBackButton.swift in Sources */ = {isa = PBXBuildFile; fileRef = FAA5805D2B46DB4C0004BF89 /* CustomBackButton.swift */; };
		FAC3CE782B3B0C4C0090EB66 /* CustomTabBarView.swift in Sources */ = {isa = PBXBuildFile; fileRef = FAC3CE772B3B0C4C0090EB66 /* CustomTabBarView.swift */; };
		FADC05D22B3DB2ED0031FD57 /* ErrorImageView.swift in Sources */ = {isa = PBXBuildFile; fileRef = FADC05D12B3DB2ED0031FD57 /* ErrorImageView.swift */; };
		FADC05D42B3DBCBF0031FD57 /* MovieImageView.swift in Sources */ = {isa = PBXBuildFile; fileRef = FADC05D32B3DBCBF0031FD57 /* MovieImageView.swift */; };
		FAEA36FE2B48361700D7DBFB /* SwitchCategoriesButton.swift in Sources */ = {isa = PBXBuildFile; fileRef = FAEA36FD2B48361700D7DBFB /* SwitchCategoriesButton.swift */; };
		FAEA37002B489F0F00D7DBFB /* GenreButtonsScrollView.swift in Sources */ = {isa = PBXBuildFile; fileRef = FAEA36FF2B489F0F00D7DBFB /* GenreButtonsScrollView.swift */; };
		FAEA37022B48A07F00D7DBFB /* PosterScrollView.swift in Sources */ = {isa = PBXBuildFile; fileRef = FAEA37012B48A07F00D7DBFB /* PosterScrollView.swift */; };
/* End PBXBuildFile section */

/* Begin PBXFileReference section */
		0D2DB46E2B4EEE17003D2414 /* ProfileView.swift */ = {isa = PBXFileReference; fileEncoding = 4; lastKnownFileType = sourcecode.swift; path = ProfileView.swift; sourceTree = "<group>"; };
		0D2DB4702B4EEE17003D2414 /* EditProfile.swift */ = {isa = PBXFileReference; fileEncoding = 4; lastKnownFileType = sourcecode.swift; path = EditProfile.swift; sourceTree = "<group>"; };
		0D2DB4732B4EEE17003D2414 /* PrivacyPolicy.swift */ = {isa = PBXFileReference; fileEncoding = 4; lastKnownFileType = sourcecode.swift; path = PrivacyPolicy.swift; sourceTree = "<group>"; };
		0D2DB47B2B4EEE60003D2414 /* NavigationSettings.swift */ = {isa = PBXFileReference; fileEncoding = 4; lastKnownFileType = sourcecode.swift; path = NavigationSettings.swift; sourceTree = "<group>"; };
		0D2DB47C2B4EEE60003D2414 /* General.swift */ = {isa = PBXFileReference; fileEncoding = 4; lastKnownFileType = sourcecode.swift; path = General.swift; sourceTree = "<group>"; };
		0D2DB47D2B4EEE60003D2414 /* CustomButton.swift */ = {isa = PBXFileReference; fileEncoding = 4; lastKnownFileType = sourcecode.swift; path = CustomButton.swift; sourceTree = "<group>"; };
		0D2DB47E2B4EEE60003D2414 /* CustomSecureField.swift */ = {isa = PBXFileReference; fileEncoding = 4; lastKnownFileType = sourcecode.swift; path = CustomSecureField.swift; sourceTree = "<group>"; };
		0D2DB47F2B4EEE60003D2414 /* More.swift */ = {isa = PBXFileReference; fileEncoding = 4; lastKnownFileType = sourcecode.swift; path = More.swift; sourceTree = "<group>"; };
		0D2DB4802B4EEE60003D2414 /* CustomTextField.swift */ = {isa = PBXFileReference; fileEncoding = 4; lastKnownFileType = sourcecode.swift; path = CustomTextField.swift; sourceTree = "<group>"; };
		0D2DB4812B4EEE60003D2414 /* HeaderView.swift */ = {isa = PBXFileReference; fileEncoding = 4; lastKnownFileType = sourcecode.swift; path = HeaderView.swift; sourceTree = "<group>"; };
		0D2DB4822B4EEE60003D2414 /* EmptyProfileView.swift */ = {isa = PBXFileReference; fileEncoding = 4; lastKnownFileType = sourcecode.swift; path = EmptyProfileView.swift; sourceTree = "<group>"; };
		0D2DB4842B4EEE60003D2414 /* RegistrationView.swift */ = {isa = PBXFileReference; fileEncoding = 4; lastKnownFileType = sourcecode.swift; path = RegistrationView.swift; sourceTree = "<group>"; };
		0D2DB4852B4EEE60003D2414 /* LogInView.swift */ = {isa = PBXFileReference; fileEncoding = 4; lastKnownFileType = sourcecode.swift; path = LogInView.swift; sourceTree = "<group>"; };
		0D2DB4862B4EEE60003D2414 /* ReturnPassword.swift */ = {isa = PBXFileReference; fileEncoding = 4; lastKnownFileType = sourcecode.swift; path = ReturnPassword.swift; sourceTree = "<group>"; };
		0D2DB4882B4EEE60003D2414 /* SignInViewModel.swift */ = {isa = PBXFileReference; fileEncoding = 4; lastKnownFileType = sourcecode.swift; path = SignInViewModel.swift; sourceTree = "<group>"; };
		0D2DB4892B4EEE60003D2414 /* FirebaseManager.swift */ = {isa = PBXFileReference; fileEncoding = 4; lastKnownFileType = sourcecode.swift; path = FirebaseManager.swift; sourceTree = "<group>"; };
		0D2DB4972B4EEF1B003D2414 /* GoogleService-Info.plist */ = {isa = PBXFileReference; fileEncoding = 4; lastKnownFileType = text.plist.xml; path = "GoogleService-Info.plist"; sourceTree = "<group>"; };
		0D2DB4992B4F1D15003D2414 /* NotificationVIew.swift */ = {isa = PBXFileReference; lastKnownFileType = sourcecode.swift; path = NotificationVIew.swift; sourceTree = "<group>"; };
		0D2DB49B2B505744003D2414 /* ImagePicker.swift */ = {isa = PBXFileReference; lastKnownFileType = sourcecode.swift; path = ImagePicker.swift; sourceTree = "<group>"; };
		0D2DB49D2B507D3B003D2414 /* LanguageView.swift */ = {isa = PBXFileReference; lastKnownFileType = sourcecode.swift; path = LanguageView.swift; sourceTree = "<group>"; };
		0D67425F2B518BE300684987 /* WishlistProfile.swift */ = {isa = PBXFileReference; lastKnownFileType = sourcecode.swift; path = WishlistProfile.swift; sourceTree = "<group>"; };
		0D6742612B5199B600684987 /* AboutUsView.swift */ = {isa = PBXFileReference; lastKnownFileType = sourcecode.swift; path = AboutUsView.swift; sourceTree = "<group>"; };
		0D6742632B51A33100684987 /* ShakeAnimation.swift */ = {isa = PBXFileReference; lastKnownFileType = sourcecode.swift; path = ShakeAnimation.swift; sourceTree = "<group>"; };
		284665602B5326C1003CE794 /* VerticalPoster.swift */ = {isa = PBXFileReference; fileEncoding = 4; lastKnownFileType = sourcecode.swift; path = VerticalPoster.swift; sourceTree = "<group>"; };
		284665622B53270B003CE794 /* HomeViewModel.swift */ = {isa = PBXFileReference; fileEncoding = 4; lastKnownFileType = sourcecode.swift; path = HomeViewModel.swift; sourceTree = "<group>"; };
		284665642B532879003CE794 /* MovieDetailViewModel.swift */ = {isa = PBXFileReference; fileEncoding = 4; lastKnownFileType = sourcecode.swift; path = MovieDetailViewModel.swift; sourceTree = "<group>"; };
		284665662B532A0E003CE794 /* SearchViewModel.swift */ = {isa = PBXFileReference; fileEncoding = 4; lastKnownFileType = sourcecode.swift; path = SearchViewModel.swift; sourceTree = "<group>"; };
		287C8E082B384D1B00C687E7 /* Montserrat-Medium.ttf */ = {isa = PBXFileReference; lastKnownFileType = file; path = "Montserrat-Medium.ttf"; sourceTree = "<group>"; };
		287C8E092B384D1B00C687E7 /* Montserrat-Regular.ttf */ = {isa = PBXFileReference; lastKnownFileType = file; path = "Montserrat-Regular.ttf"; sourceTree = "<group>"; };
		287C8E0A2B384D1C00C687E7 /* Montserrat-SemiBold.ttf */ = {isa = PBXFileReference; lastKnownFileType = file; path = "Montserrat-SemiBold.ttf"; sourceTree = "<group>"; };
		287C8E0E2B384E1500C687E7 /* Info.plist */ = {isa = PBXFileReference; lastKnownFileType = text.plist; path = Info.plist; sourceTree = "<group>"; };
		287C8E122B38537900C687E7 /* Font+ext.swift */ = {isa = PBXFileReference; lastKnownFileType = sourcecode.swift; path = "Font+ext.swift"; sourceTree = "<group>"; };
		287C8E262B38707400C687E7 /* Localizable.xcstrings */ = {isa = PBXFileReference; lastKnownFileType = text.json.xcstrings; path = Localizable.xcstrings; sourceTree = "<group>"; };
		287C8E292B38883F00C687E7 /* MovieView.swift */ = {isa = PBXFileReference; lastKnownFileType = sourcecode.swift; path = MovieView.swift; sourceTree = "<group>"; };
		287C8E2C2B388A2C00C687E7 /* MovieModel.swift */ = {isa = PBXFileReference; lastKnownFileType = sourcecode.swift; path = MovieModel.swift; sourceTree = "<group>"; };
		287C8E2E2B388A4100C687E7 /* PopularMovieViewModel.swift */ = {isa = PBXFileReference; lastKnownFileType = sourcecode.swift; path = PopularMovieViewModel.swift; sourceTree = "<group>"; };
		287C8E312B38A02500C687E7 /* ImageText.swift */ = {isa = PBXFileReference; lastKnownFileType = sourcecode.swift; path = ImageText.swift; sourceTree = "<group>"; };
		287C8E332B38A0B900C687E7 /* RatingView.swift */ = {isa = PBXFileReference; lastKnownFileType = sourcecode.swift; path = RatingView.swift; sourceTree = "<group>"; };
		287C8E352B38AD9E00C687E7 /* View+Ext.swift */ = {isa = PBXFileReference; lastKnownFileType = sourcecode.swift; path = "View+Ext.swift"; sourceTree = "<group>"; };
		288038DB2B3729A500691E0E /* MovieForToday.app */ = {isa = PBXFileReference; explicitFileType = wrapper.application; includeInIndex = 0; path = MovieForToday.app; sourceTree = BUILT_PRODUCTS_DIR; };
		288038DE2B3729A500691E0E /* MovieForTodayApp.swift */ = {isa = PBXFileReference; lastKnownFileType = sourcecode.swift; path = MovieForTodayApp.swift; sourceTree = "<group>"; };
		288038E02B3729A500691E0E /* ContentView.swift */ = {isa = PBXFileReference; lastKnownFileType = sourcecode.swift; path = ContentView.swift; sourceTree = "<group>"; };
		288038E22B3729A800691E0E /* Assets.xcassets */ = {isa = PBXFileReference; lastKnownFileType = folder.assetcatalog; path = Assets.xcassets; sourceTree = "<group>"; };
		288038E52B3729A800691E0E /* Preview Assets.xcassets */ = {isa = PBXFileReference; lastKnownFileType = folder.assetcatalog; path = "Preview Assets.xcassets"; sourceTree = "<group>"; };
		288038EC2B37322800691E0E /* README.md */ = {isa = PBXFileReference; lastKnownFileType = net.daringfireball.markdown; path = README.md; sourceTree = "<group>"; };
		288038F22B3734FC00691E0E /* HomeView.swift */ = {isa = PBXFileReference; lastKnownFileType = sourcecode.swift; path = HomeView.swift; sourceTree = "<group>"; };
		288038F52B37351A00691E0E /* MovieListView.swift */ = {isa = PBXFileReference; lastKnownFileType = sourcecode.swift; path = MovieListView.swift; sourceTree = "<group>"; };
		288038F82B37353F00691E0E /* PopularMovieView.swift */ = {isa = PBXFileReference; lastKnownFileType = sourcecode.swift; path = PopularMovieView.swift; sourceTree = "<group>"; };
		288038FB2B37355D00691E0E /* MovieDetailView.swift */ = {isa = PBXFileReference; lastKnownFileType = sourcecode.swift; path = MovieDetailView.swift; sourceTree = "<group>"; };
		288038FE2B37357600691E0E /* WishListView.swift */ = {isa = PBXFileReference; lastKnownFileType = sourcecode.swift; path = WishListView.swift; sourceTree = "<group>"; };
		288039012B37358F00691E0E /* SearchView.swift */ = {isa = PBXFileReference; lastKnownFileType = sourcecode.swift; path = SearchView.swift; sourceTree = "<group>"; };
		288039072B37361200691E0E /* ChristmasTreeView.swift */ = {isa = PBXFileReference; lastKnownFileType = sourcecode.swift; path = ChristmasTreeView.swift; sourceTree = "<group>"; };
		2880390D2B373E2900691E0E /* StorageManager.swift */ = {isa = PBXFileReference; lastKnownFileType = sourcecode.swift; path = StorageManager.swift; sourceTree = "<group>"; };
		28C829962B4D3488007EFF52 /* advice.json */ = {isa = PBXFileReference; lastKnownFileType = text.json; path = advice.json; sourceTree = "<group>"; };
		3B319A392B4C42B70056DF68 /* OnboardingViewModel.swift */ = {isa = PBXFileReference; fileEncoding = 4; lastKnownFileType = sourcecode.swift; path = OnboardingViewModel.swift; sourceTree = "<group>"; };
		3B319A3A2B4C42B70056DF68 /* OnboardingView.swift */ = {isa = PBXFileReference; fileEncoding = 4; lastKnownFileType = sourcecode.swift; path = OnboardingView.swift; sourceTree = "<group>"; };
		3B319A3B2B4C42B70056DF68 /* OnboardingStepModel.swift */ = {isa = PBXFileReference; fileEncoding = 4; lastKnownFileType = sourcecode.swift; path = OnboardingStepModel.swift; sourceTree = "<group>"; };
		3B319A3C2B4C42B70056DF68 /* OnboardingScreenView.swift */ = {isa = PBXFileReference; fileEncoding = 4; lastKnownFileType = sourcecode.swift; path = OnboardingScreenView.swift; sourceTree = "<group>"; };
		6F13DAF92B4E93A10096F3F8 /* TrailerView.swift */ = {isa = PBXFileReference; lastKnownFileType = sourcecode.swift; path = TrailerView.swift; sourceTree = "<group>"; };
		867EA83F2B3F60BF0039EB19 /* MyLibrary */ = {isa = PBXFileReference; lastKnownFileType = wrapper; path = MyLibrary; sourceTree = "<group>"; };
		FA0ABB8F2B4D6D39000F30DB /* PosterLabelView.swift */ = {isa = PBXFileReference; lastKnownFileType = sourcecode.swift; path = PosterLabelView.swift; sourceTree = "<group>"; };
		FA0ABB922B4D7369000F30DB /* MovieCategoryPosterCarouselView.swift */ = {isa = PBXFileReference; lastKnownFileType = sourcecode.swift; path = MovieCategoryPosterCarouselView.swift; sourceTree = "<group>"; };
		FA0ABB942B4D7B03000F30DB /* MoviePosterCarouselView.swift */ = {isa = PBXFileReference; lastKnownFileType = sourcecode.swift; path = MoviePosterCarouselView.swift; sourceTree = "<group>"; };
		FA1C011C2B3C5A880047D1EB /* PlaceholderView.swift */ = {isa = PBXFileReference; lastKnownFileType = sourcecode.swift; path = PlaceholderView.swift; sourceTree = "<group>"; };
		FA1C011F2B3C644A0047D1EB /* WishListViewCell.swift */ = {isa = PBXFileReference; lastKnownFileType = sourcecode.swift; path = WishListViewCell.swift; sourceTree = "<group>"; };
		FA229E0C2B51D58E003A6426 /* Bundle-Decodable.swift */ = {isa = PBXFileReference; lastKnownFileType = sourcecode.swift; path = "Bundle-Decodable.swift"; sourceTree = "<group>"; };
		FA229E0E2B51D636003A6426 /* NewYearMovies.swift */ = {isa = PBXFileReference; lastKnownFileType = sourcecode.swift; path = NewYearMovies.swift; sourceTree = "<group>"; };
		FA44168A2B49D62C00AE536B /* CustomSearchBar.swift */ = {isa = PBXFileReference; lastKnownFileType = sourcecode.swift; path = CustomSearchBar.swift; sourceTree = "<group>"; };
		FA44168C2B4A05F900AE536B /* HeadlineView.swift */ = {isa = PBXFileReference; lastKnownFileType = sourcecode.swift; path = HeadlineView.swift; sourceTree = "<group>"; };
		FA732D1B2B5057D1005D46F8 /* DetailBackgroundImageView.swift */ = {isa = PBXFileReference; lastKnownFileType = sourcecode.swift; path = DetailBackgroundImageView.swift; sourceTree = "<group>"; };
		FA732D1D2B5058BF005D46F8 /* DetailForegroundImageView.swift */ = {isa = PBXFileReference; lastKnownFileType = sourcecode.swift; path = DetailForegroundImageView.swift; sourceTree = "<group>"; };
		FA732D1F2B505C86005D46F8 /* DetailTextView.swift */ = {isa = PBXFileReference; lastKnownFileType = sourcecode.swift; path = DetailTextView.swift; sourceTree = "<group>"; };
		FA732D212B505DAE005D46F8 /* CrewLabelsScrollView.swift */ = {isa = PBXFileReference; lastKnownFileType = sourcecode.swift; path = CrewLabelsScrollView.swift; sourceTree = "<group>"; };
		FA732D232B505F25005D46F8 /* GaleryCarouselView.swift */ = {isa = PBXFileReference; lastKnownFileType = sourcecode.swift; path = GaleryCarouselView.swift; sourceTree = "<group>"; };
		FA7B26162B45CC7A00B13C6D /* FullScreenImageView.swift */ = {isa = PBXFileReference; lastKnownFileType = sourcecode.swift; path = FullScreenImageView.swift; sourceTree = "<group>"; };
		FA83840A2B443F50004B7A13 /* BackgroundImageView.swift */ = {isa = PBXFileReference; lastKnownFileType = sourcecode.swift; path = BackgroundImageView.swift; sourceTree = "<group>"; };
		FA83840F2B4473D0004B7A13 /* TrailerButtonView.swift */ = {isa = PBXFileReference; lastKnownFileType = sourcecode.swift; path = TrailerButtonView.swift; sourceTree = "<group>"; };
		FA8384112B44755F004B7A13 /* ShareButtonView.swift */ = {isa = PBXFileReference; lastKnownFileType = sourcecode.swift; path = ShareButtonView.swift; sourceTree = "<group>"; };
		FA8384132B447A9B004B7A13 /* CrewLabelView.swift */ = {isa = PBXFileReference; lastKnownFileType = sourcecode.swift; path = CrewLabelView.swift; sourceTree = "<group>"; };
		FA8F78F72B46E1FC006AC799 /* AddToFavoritesButton.swift */ = {isa = PBXFileReference; lastKnownFileType = sourcecode.swift; path = AddToFavoritesButton.swift; sourceTree = "<group>"; };
		FA9AE3522B4EDE1C00084286 /* PagingIndexView.swift */ = {isa = PBXFileReference; lastKnownFileType = sourcecode.swift; path = PagingIndexView.swift; sourceTree = "<group>"; };
		FAA5805D2B46DB4C0004BF89 /* CustomBackButton.swift */ = {isa = PBXFileReference; lastKnownFileType = sourcecode.swift; path = CustomBackButton.swift; sourceTree = "<group>"; };
		FAC3CE772B3B0C4C0090EB66 /* CustomTabBarView.swift */ = {isa = PBXFileReference; lastKnownFileType = sourcecode.swift; path = CustomTabBarView.swift; sourceTree = "<group>"; };
		FADC05D12B3DB2ED0031FD57 /* ErrorImageView.swift */ = {isa = PBXFileReference; lastKnownFileType = sourcecode.swift; path = ErrorImageView.swift; sourceTree = "<group>"; };
		FADC05D32B3DBCBF0031FD57 /* MovieImageView.swift */ = {isa = PBXFileReference; lastKnownFileType = sourcecode.swift; path = MovieImageView.swift; sourceTree = "<group>"; };
		FAEA36FD2B48361700D7DBFB /* SwitchCategoriesButton.swift */ = {isa = PBXFileReference; lastKnownFileType = sourcecode.swift; path = SwitchCategoriesButton.swift; sourceTree = "<group>"; };
		FAEA36FF2B489F0F00D7DBFB /* GenreButtonsScrollView.swift */ = {isa = PBXFileReference; lastKnownFileType = sourcecode.swift; path = GenreButtonsScrollView.swift; sourceTree = "<group>"; };
		FAEA37012B48A07F00D7DBFB /* PosterScrollView.swift */ = {isa = PBXFileReference; lastKnownFileType = sourcecode.swift; path = PosterScrollView.swift; sourceTree = "<group>"; };
/* End PBXFileReference section */

/* Begin PBXFrameworksBuildPhase section */
		288038D82B3729A500691E0E /* Frameworks */ = {
			isa = PBXFrameworksBuildPhase;
			buildActionMask = 2147483647;
			files = (
				0D2DB44D2B4EEDA3003D2414 /* FirebaseDatabaseSwift in Frameworks */,
				86AE81C62B4DE79000DF6977 /* WebPlayer in Frameworks */,
				86F236E72B488077000CF45A /* Networking in Frameworks */,
				0D2DB4512B4EEDA3003D2414 /* FirebaseFirestore in Frameworks */,
				867EA8432B3F60C70039EB19 /* RemoteImage in Frameworks */,
				0D2DB46D2B4EEDA3003D2414 /* FirebaseStorageCombine-Community in Frameworks */,
				0D2DB46B2B4EEDA3003D2414 /* FirebaseStorage in Frameworks */,
				0D2DB45F2B4EEDA3003D2414 /* FirebaseInstallations in Frameworks */,
				0D2DB4452B4EEDA3003D2414 /* FirebaseAuth in Frameworks */,
				0D2DB4572B4EEDA3003D2414 /* FirebaseFunctions in Frameworks */,
				0D2DB44B2B4EEDA3003D2414 /* FirebaseDatabase in Frameworks */,
				0D2DB4552B4EEDA3003D2414 /* FirebaseFirestoreSwift in Frameworks */,
			);
			runOnlyForDeploymentPostprocessing = 0;
		};
/* End PBXFrameworksBuildPhase section */

/* Begin PBXGroup section */
		0D2DB47A2B4EEE60003D2414 /* Components */ = {
			isa = PBXGroup;
			children = (
				0D2DB4812B4EEE60003D2414 /* HeaderView.swift */,
				0D67425F2B518BE300684987 /* WishlistProfile.swift */,
				0D2DB47C2B4EEE60003D2414 /* General.swift */,
				0D2DB47F2B4EEE60003D2414 /* More.swift */,
				0D6742612B5199B600684987 /* AboutUsView.swift */,
				0D2DB47B2B4EEE60003D2414 /* NavigationSettings.swift */,
				0D2DB47D2B4EEE60003D2414 /* CustomButton.swift */,
				0D2DB47E2B4EEE60003D2414 /* CustomSecureField.swift */,
				0D2DB4802B4EEE60003D2414 /* CustomTextField.swift */,
				0D2DB4822B4EEE60003D2414 /* EmptyProfileView.swift */,
				0D2DB49B2B505744003D2414 /* ImagePicker.swift */,
				0D6742632B51A33100684987 /* ShakeAnimation.swift */,
			);
			path = Components;
			sourceTree = "<group>";
		};
		0D2DB4832B4EEE60003D2414 /* Authorization */ = {
			isa = PBXGroup;
			children = (
				0D2DB4842B4EEE60003D2414 /* RegistrationView.swift */,
				0D2DB4852B4EEE60003D2414 /* LogInView.swift */,
				0D2DB4862B4EEE60003D2414 /* ReturnPassword.swift */,
			);
			path = Authorization;
			sourceTree = "<group>";
		};
		0D2DB4872B4EEE60003D2414 /* ViewModelProfile */ = {
			isa = PBXGroup;
			children = (
				0D2DB4892B4EEE60003D2414 /* FirebaseManager.swift */,
				0D2DB4882B4EEE60003D2414 /* SignInViewModel.swift */,
			);
			path = ViewModelProfile;
			sourceTree = "<group>";
		};
		287C8E072B384CFA00C687E7 /* Fonts */ = {
			isa = PBXGroup;
			children = (
				287C8E082B384D1B00C687E7 /* Montserrat-Medium.ttf */,
				287C8E092B384D1B00C687E7 /* Montserrat-Regular.ttf */,
				287C8E0A2B384D1C00C687E7 /* Montserrat-SemiBold.ttf */,
			);
			path = Fonts;
			sourceTree = "<group>";
		};
		287C8E0F2B384F3300C687E7 /* Helpers */ = {
			isa = PBXGroup;
			children = (
				287C8E302B38A01A00C687E7 /* UI */,
				287C8E122B38537900C687E7 /* Font+ext.swift */,
				287C8E352B38AD9E00C687E7 /* View+Ext.swift */,
			);
			path = Helpers;
			sourceTree = "<group>";
		};
		287C8E282B38881100C687E7 /* Cells */ = {
			isa = PBXGroup;
			children = (
				287C8E292B38883F00C687E7 /* MovieView.swift */,
			);
			path = Cells;
			sourceTree = "<group>";
		};
		287C8E2B2B388A1500C687E7 /* ViewModel */ = {
			isa = PBXGroup;
			children = (
				287C8E2C2B388A2C00C687E7 /* MovieModel.swift */,
				287C8E2E2B388A4100C687E7 /* PopularMovieViewModel.swift */,
			);
			path = ViewModel;
			sourceTree = "<group>";
		};
		287C8E302B38A01A00C687E7 /* UI */ = {
			isa = PBXGroup;
			children = (
				287C8E312B38A02500C687E7 /* ImageText.swift */,
				287C8E332B38A0B900C687E7 /* RatingView.swift */,
				FADC05D32B3DBCBF0031FD57 /* MovieImageView.swift */,
				FA1C011C2B3C5A880047D1EB /* PlaceholderView.swift */,
				FADC05D12B3DB2ED0031FD57 /* ErrorImageView.swift */,
				FAA5805D2B46DB4C0004BF89 /* CustomBackButton.swift */,
				FA8F78F72B46E1FC006AC799 /* AddToFavoritesButton.swift */,
				FA44168A2B49D62C00AE536B /* CustomSearchBar.swift */,
				FA44168C2B4A05F900AE536B /* HeadlineView.swift */,
				FAEA36FF2B489F0F00D7DBFB /* GenreButtonsScrollView.swift */,
				FAEA36FD2B48361700D7DBFB /* SwitchCategoriesButton.swift */,
				FA9AE3522B4EDE1C00084286 /* PagingIndexView.swift */,
				284665602B5326C1003CE794 /* VerticalPoster.swift */,
			);
			path = UI;
			sourceTree = "<group>";
		};
		288038D22B3729A500691E0E = {
			isa = PBXGroup;
			children = (
				867EA83F2B3F60BF0039EB19 /* MyLibrary */,
				288038EC2B37322800691E0E /* README.md */,
				288038DD2B3729A500691E0E /* MovieForToday */,
				288038DC2B3729A500691E0E /* Products */,
				867EA8412B3F60C70039EB19 /* Frameworks */,
			);
			sourceTree = "<group>";
		};
		288038DC2B3729A500691E0E /* Products */ = {
			isa = PBXGroup;
			children = (
				288038DB2B3729A500691E0E /* MovieForToday.app */,
			);
			name = Products;
			sourceTree = "<group>";
		};
		288038DD2B3729A500691E0E /* MovieForToday */ = {
			isa = PBXGroup;
			children = (
				0D2DB4972B4EEF1B003D2414 /* GoogleService-Info.plist */,
				287C8E0E2B384E1500C687E7 /* Info.plist */,
				288038DE2B3729A500691E0E /* MovieForTodayApp.swift */,
				288038E02B3729A500691E0E /* ContentView.swift */,
				FAC3CE792B3B0C510090EB66 /* TabBar */,
				288038EE2B3734C600691E0E /* OnboardingScreen */,
				288038F12B3734EE00691E0E /* HomeScreen */,
				288038F42B37350000691E0E /* MovieListScreen */,
				288038F72B37352200691E0E /* PopularMovieScreen */,
				288038FA2B37354400691E0E /* MovieDetailScreen */,
				6F13DAF82B4E933F0096F3F8 /* TrailerView */,
				288038FD2B37356500691E0E /* WishListScreen */,
				288039002B37357C00691E0E /* SearchScreen */,
				288039032B37359500691E0E /* ProfileScreen */,
				288039062B3735EB00691E0E /* ChristmasTreeScreen */,
				2880390A2B373E0C00691E0E /* StorageManager */,
				287C8E0F2B384F3300C687E7 /* Helpers */,
				287C8E262B38707400C687E7 /* Localizable.xcstrings */,
				288038E22B3729A800691E0E /* Assets.xcassets */,
				287C8E072B384CFA00C687E7 /* Fonts */,
				288038E42B3729A800691E0E /* Preview Content */,
				28C829962B4D3488007EFF52 /* advice.json */,
			);
			path = MovieForToday;
			sourceTree = "<group>";
		};
		288038E42B3729A800691E0E /* Preview Content */ = {
			isa = PBXGroup;
			children = (
				288038E52B3729A800691E0E /* Preview Assets.xcassets */,
			);
			path = "Preview Content";
			sourceTree = "<group>";
		};
		288038EE2B3734C600691E0E /* OnboardingScreen */ = {
			isa = PBXGroup;
			children = (
				3B319A3C2B4C42B70056DF68 /* OnboardingScreenView.swift */,
				3B319A3B2B4C42B70056DF68 /* OnboardingStepModel.swift */,
				3B319A3A2B4C42B70056DF68 /* OnboardingView.swift */,
				3B319A392B4C42B70056DF68 /* OnboardingViewModel.swift */,
			);
			path = OnboardingScreen;
			sourceTree = "<group>";
		};
		288038F12B3734EE00691E0E /* HomeScreen */ = {
			isa = PBXGroup;
			children = (
				284665622B53270B003CE794 /* HomeViewModel.swift */,
				288038F22B3734FC00691E0E /* HomeView.swift */,
				FA0ABB912B4D6EE4000F30DB /* Components */,
			);
			path = HomeScreen;
			sourceTree = "<group>";
		};
		288038F42B37350000691E0E /* MovieListScreen */ = {
			isa = PBXGroup;
			children = (
				288038F52B37351A00691E0E /* MovieListView.swift */,
				FAEA37032B48A09800D7DBFB /* Components */,
			);
			path = MovieListScreen;
			sourceTree = "<group>";
		};
		288038F72B37352200691E0E /* PopularMovieScreen */ = {
			isa = PBXGroup;
			children = (
				288038F82B37353F00691E0E /* PopularMovieView.swift */,
				287C8E2B2B388A1500C687E7 /* ViewModel */,
				287C8E282B38881100C687E7 /* Cells */,
			);
			path = PopularMovieScreen;
			sourceTree = "<group>";
		};
		288038FA2B37354400691E0E /* MovieDetailScreen */ = {
			isa = PBXGroup;
			children = (
				284665642B532879003CE794 /* MovieDetailViewModel.swift */,
				288038FB2B37355D00691E0E /* MovieDetailView.swift */,
				FA83840C2B443F54004B7A13 /* Components */,
			);
			path = MovieDetailScreen;
			sourceTree = "<group>";
		};
		288038FD2B37356500691E0E /* WishListScreen */ = {
			isa = PBXGroup;
			children = (
				288038FE2B37357600691E0E /* WishListView.swift */,
				FA1C011E2B3C602E0047D1EB /* Cells */,
			);
			path = WishListScreen;
			sourceTree = "<group>";
		};
		288039002B37357C00691E0E /* SearchScreen */ = {
			isa = PBXGroup;
			children = (
				284665662B532A0E003CE794 /* SearchViewModel.swift */,
				288039012B37358F00691E0E /* SearchView.swift */,
			);
			path = SearchScreen;
			sourceTree = "<group>";
		};
		288039032B37359500691E0E /* ProfileScreen */ = {
			isa = PBXGroup;
			children = (
				0D2DB4872B4EEE60003D2414 /* ViewModelProfile */,
				0D2DB46E2B4EEE17003D2414 /* ProfileView.swift */,
				0D2DB4702B4EEE17003D2414 /* EditProfile.swift */,
				0D2DB4732B4EEE17003D2414 /* PrivacyPolicy.swift */,
				0D2DB49D2B507D3B003D2414 /* LanguageView.swift */,
				0D2DB4992B4F1D15003D2414 /* NotificationVIew.swift */,
				0D2DB4832B4EEE60003D2414 /* Authorization */,
				0D2DB47A2B4EEE60003D2414 /* Components */,
			);
			path = ProfileScreen;
			sourceTree = "<group>";
		};
		288039062B3735EB00691E0E /* ChristmasTreeScreen */ = {
			isa = PBXGroup;
			children = (
				288039072B37361200691E0E /* ChristmasTreeView.swift */,
				FA9A15A92B52CAFF0014541B /* Components */,
			);
			path = ChristmasTreeScreen;
			sourceTree = "<group>";
		};
		2880390A2B373E0C00691E0E /* StorageManager */ = {
			isa = PBXGroup;
			children = (
				2880390D2B373E2900691E0E /* StorageManager.swift */,
			);
			path = StorageManager;
			sourceTree = "<group>";
		};
		6F13DAF82B4E933F0096F3F8 /* TrailerView */ = {
			isa = PBXGroup;
			children = (
				6F13DAF92B4E93A10096F3F8 /* TrailerView.swift */,
			);
			path = TrailerView;
			sourceTree = "<group>";
		};
		867EA8412B3F60C70039EB19 /* Frameworks */ = {
			isa = PBXGroup;
			children = (
			);
			name = Frameworks;
			sourceTree = "<group>";
		};
		FA0ABB912B4D6EE4000F30DB /* Components */ = {
			isa = PBXGroup;
			children = (
				FA0ABB8F2B4D6D39000F30DB /* PosterLabelView.swift */,
				FA0ABB922B4D7369000F30DB /* MovieCategoryPosterCarouselView.swift */,
				FA0ABB942B4D7B03000F30DB /* MoviePosterCarouselView.swift */,
			);
			path = Components;
			sourceTree = "<group>";
		};
		FA1C011E2B3C602E0047D1EB /* Cells */ = {
			isa = PBXGroup;
			children = (
				FA1C011F2B3C644A0047D1EB /* WishListViewCell.swift */,
			);
			path = Cells;
			sourceTree = "<group>";
		};
		FA83840C2B443F54004B7A13 /* Components */ = {
			isa = PBXGroup;
			children = (
				FA732D1B2B5057D1005D46F8 /* DetailBackgroundImageView.swift */,
				FA83840A2B443F50004B7A13 /* BackgroundImageView.swift */,
				FA732D1D2B5058BF005D46F8 /* DetailForegroundImageView.swift */,
				FA83840F2B4473D0004B7A13 /* TrailerButtonView.swift */,
				FA8384112B44755F004B7A13 /* ShareButtonView.swift */,
				FA732D1F2B505C86005D46F8 /* DetailTextView.swift */,
				FA732D212B505DAE005D46F8 /* CrewLabelsScrollView.swift */,
				FA8384132B447A9B004B7A13 /* CrewLabelView.swift */,
				FA732D232B505F25005D46F8 /* GaleryCarouselView.swift */,
				FA7B26162B45CC7A00B13C6D /* FullScreenImageView.swift */,
			);
			path = Components;
			sourceTree = "<group>";
		};
		FA9A15A92B52CAFF0014541B /* Components */ = {
			isa = PBXGroup;
			children = (
				FA229E0C2B51D58E003A6426 /* Bundle-Decodable.swift */,
				FA229E0E2B51D636003A6426 /* NewYearMovies.swift */,
			);
			path = Components;
			sourceTree = "<group>";
		};
		FAC3CE792B3B0C510090EB66 /* TabBar */ = {
			isa = PBXGroup;
			children = (
				FAC3CE772B3B0C4C0090EB66 /* CustomTabBarView.swift */,
			);
			path = TabBar;
			sourceTree = "<group>";
		};
		FAEA37032B48A09800D7DBFB /* Components */ = {
			isa = PBXGroup;
			children = (
				FAEA37012B48A07F00D7DBFB /* PosterScrollView.swift */,
			);
			path = Components;
			sourceTree = "<group>";
		};
/* End PBXGroup section */

/* Begin PBXNativeTarget section */
		288038DA2B3729A500691E0E /* MovieForToday */ = {
			isa = PBXNativeTarget;
			buildConfigurationList = 288038E92B3729A800691E0E /* Build configuration list for PBXNativeTarget "MovieForToday" */;
			buildPhases = (
				288038D72B3729A500691E0E /* Sources */,
				288038D82B3729A500691E0E /* Frameworks */,
				288038D92B3729A500691E0E /* Resources */,
			);
			buildRules = (
			);
			dependencies = (
			);
			name = MovieForToday;
			packageProductDependencies = (
				867EA8422B3F60C70039EB19 /* RemoteImage */,
				86F236E62B488077000CF45A /* Networking */,
				86AE81C52B4DE79000DF6977 /* WebPlayer */,
				0D2DB4442B4EEDA3003D2414 /* FirebaseAuth */,
				0D2DB44A2B4EEDA3003D2414 /* FirebaseDatabase */,
				0D2DB44C2B4EEDA3003D2414 /* FirebaseDatabaseSwift */,
				0D2DB4502B4EEDA3003D2414 /* FirebaseFirestore */,
				0D2DB4542B4EEDA3003D2414 /* FirebaseFirestoreSwift */,
				0D2DB4562B4EEDA3003D2414 /* FirebaseFunctions */,
				0D2DB45E2B4EEDA3003D2414 /* FirebaseInstallations */,
				0D2DB46A2B4EEDA3003D2414 /* FirebaseStorage */,
				0D2DB46C2B4EEDA3003D2414 /* FirebaseStorageCombine-Community */,
			);
			productName = MovieForToday;
			productReference = 288038DB2B3729A500691E0E /* MovieForToday.app */;
			productType = "com.apple.product-type.application";
		};
/* End PBXNativeTarget section */

/* Begin PBXProject section */
		288038D32B3729A500691E0E /* Project object */ = {
			isa = PBXProject;
			attributes = {
				BuildIndependentTargetsInParallel = 1;
				LastSwiftUpdateCheck = 1500;
				LastUpgradeCheck = 1500;
				TargetAttributes = {
					288038DA2B3729A500691E0E = {
						CreatedOnToolsVersion = 15.0;
					};
				};
			};
			buildConfigurationList = 288038D62B3729A500691E0E /* Build configuration list for PBXProject "MovieForToday" */;
			compatibilityVersion = "Xcode 14.0";
			developmentRegion = en;
			hasScannedForEncodings = 0;
			knownRegions = (
				en,
				Base,
				ru,
			);
			mainGroup = 288038D22B3729A500691E0E;
			packageReferences = (
				0D2DB4432B4EEDA2003D2414 /* XCRemoteSwiftPackageReference "firebase-ios-sdk" */,
			);
			productRefGroup = 288038DC2B3729A500691E0E /* Products */;
			projectDirPath = "";
			projectRoot = "";
			targets = (
				288038DA2B3729A500691E0E /* MovieForToday */,
			);
		};
/* End PBXProject section */

/* Begin PBXResourcesBuildPhase section */
		288038D92B3729A500691E0E /* Resources */ = {
			isa = PBXResourcesBuildPhase;
			buildActionMask = 2147483647;
			files = (
				287C8E0D2B384D6700C687E7 /* Montserrat-SemiBold.ttf in Resources */,
				288038ED2B37322800691E0E /* README.md in Resources */,
				288038E62B3729A800691E0E /* Preview Assets.xcassets in Resources */,
				287C8E0B2B384D6100C687E7 /* Montserrat-Medium.ttf in Resources */,
				867EA8402B3F60BF0039EB19 /* MyLibrary in Resources */,
				28C829972B4D3488007EFF52 /* advice.json in Resources */,
				287C8E0C2B384D6400C687E7 /* Montserrat-Regular.ttf in Resources */,
				0D2DB4982B4EEF1C003D2414 /* GoogleService-Info.plist in Resources */,
				287C8E272B38707400C687E7 /* Localizable.xcstrings in Resources */,
				288038E32B3729A800691E0E /* Assets.xcassets in Resources */,
			);
			runOnlyForDeploymentPostprocessing = 0;
		};
/* End PBXResourcesBuildPhase section */

/* Begin PBXSourcesBuildPhase section */
		288038D72B3729A500691E0E /* Sources */ = {
			isa = PBXSourcesBuildPhase;
			buildActionMask = 2147483647;
			files = (
				FAEA37022B48A07F00D7DBFB /* PosterScrollView.swift in Sources */,
				288039022B37358F00691E0E /* SearchView.swift in Sources */,
				0D2DB49E2B507D3B003D2414 /* LanguageView.swift in Sources */,
				FAEA36FE2B48361700D7DBFB /* SwitchCategoriesButton.swift in Sources */,
				0D2DB48C2B4EEE60003D2414 /* CustomButton.swift in Sources */,
				288038F32B3734FC00691E0E /* HomeView.swift in Sources */,
				FA732D1E2B5058BF005D46F8 /* DetailForegroundImageView.swift in Sources */,
				287C8E2A2B38883F00C687E7 /* MovieView.swift in Sources */,
				FAC3CE782B3B0C4C0090EB66 /* CustomTabBarView.swift in Sources */,
				FAEA37002B489F0F00D7DBFB /* GenreButtonsScrollView.swift in Sources */,
				0D6742622B5199B600684987 /* AboutUsView.swift in Sources */,
				0D2DB48D2B4EEE60003D2414 /* CustomSecureField.swift in Sources */,
				287C8E2D2B388A2C00C687E7 /* MovieModel.swift in Sources */,
				0D2DB4962B4EEE60003D2414 /* FirebaseManager.swift in Sources */,
				0D2DB48E2B4EEE60003D2414 /* More.swift in Sources */,
				FA1C01202B3C644A0047D1EB /* WishListViewCell.swift in Sources */,
				288038F62B37351A00691E0E /* MovieListView.swift in Sources */,
				FA229E0D2B51D58E003A6426 /* Bundle-Decodable.swift in Sources */,
				FADC05D22B3DB2ED0031FD57 /* ErrorImageView.swift in Sources */,
				3B319A402B4C42B70056DF68 /* OnboardingScreenView.swift in Sources */,
				FA229E0F2B51D636003A6426 /* NewYearMovies.swift in Sources */,
				288039082B37361200691E0E /* ChristmasTreeView.swift in Sources */,
				0D6742642B51A33100684987 /* ShakeAnimation.swift in Sources */,
				FA83840B2B443F50004B7A13 /* BackgroundImageView.swift in Sources */,
				0D2DB4902B4EEE60003D2414 /* HeaderView.swift in Sources */,
				FA8F78F82B46E1FC006AC799 /* AddToFavoritesButton.swift in Sources */,
				0D2DB4762B4EEE17003D2414 /* EditProfile.swift in Sources */,
				FA7B26172B45CC7A00B13C6D /* FullScreenImageView.swift in Sources */,
				0D2DB48B2B4EEE60003D2414 /* General.swift in Sources */,
				287C8E2F2B388A4100C687E7 /* PopularMovieViewModel.swift in Sources */,
				0D2DB4912B4EEE60003D2414 /* EmptyProfileView.swift in Sources */,
				288038F92B37353F00691E0E /* PopularMovieView.swift in Sources */,
				6F13DAFA2B4E93A10096F3F8 /* TrailerView.swift in Sources */,
				287C8E132B38537900C687E7 /* Font+ext.swift in Sources */,
				FA8384102B4473D0004B7A13 /* TrailerButtonView.swift in Sources */,
				FA1C011D2B3C5A880047D1EB /* PlaceholderView.swift in Sources */,
				FA8384142B447A9B004B7A13 /* CrewLabelView.swift in Sources */,
				0D2DB4922B4EEE60003D2414 /* RegistrationView.swift in Sources */,
				0D2DB4792B4EEE17003D2414 /* PrivacyPolicy.swift in Sources */,
				0D2DB4952B4EEE60003D2414 /* SignInViewModel.swift in Sources */,
				0D6742602B518BE300684987 /* WishlistProfile.swift in Sources */,
				FA8384122B44755F004B7A13 /* ShareButtonView.swift in Sources */,
				284665672B532A0E003CE794 /* SearchViewModel.swift in Sources */,
				FA44168B2B49D62C00AE536B /* CustomSearchBar.swift in Sources */,
				287C8E342B38A0B900C687E7 /* RatingView.swift in Sources */,
				FA732D242B505F25005D46F8 /* GaleryCarouselView.swift in Sources */,
				FA732D1C2B5057D1005D46F8 /* DetailBackgroundImageView.swift in Sources */,
				284665612B5326C1003CE794 /* VerticalPoster.swift in Sources */,
				284665632B53270B003CE794 /* HomeViewModel.swift in Sources */,
				288038E12B3729A500691E0E /* ContentView.swift in Sources */,
				0D2DB49A2B4F1D15003D2414 /* NotificationVIew.swift in Sources */,
				3B319A3E2B4C42B70056DF68 /* OnboardingView.swift in Sources */,
				287C8E362B38AD9E00C687E7 /* View+Ext.swift in Sources */,
				0D2DB48F2B4EEE60003D2414 /* CustomTextField.swift in Sources */,
				FADC05D42B3DBCBF0031FD57 /* MovieImageView.swift in Sources */,
				FA0ABB902B4D6D39000F30DB /* PosterLabelView.swift in Sources */,
				FA732D222B505DAE005D46F8 /* CrewLabelsScrollView.swift in Sources */,
				FA732D202B505C86005D46F8 /* DetailTextView.swift in Sources */,
				FAA5805E2B46DB4C0004BF89 /* CustomBackButton.swift in Sources */,
				287C8E322B38A02500C687E7 /* ImageText.swift in Sources */,
				FA9AE3532B4EDE1C00084286 /* PagingIndexView.swift in Sources */,
				0D2DB48A2B4EEE60003D2414 /* NavigationSettings.swift in Sources */,
				0D2DB49C2B505744003D2414 /* ImagePicker.swift in Sources */,
				288038DF2B3729A500691E0E /* MovieForTodayApp.swift in Sources */,
				0D2DB4942B4EEE60003D2414 /* ReturnPassword.swift in Sources */,
				3B319A3F2B4C42B70056DF68 /* OnboardingStepModel.swift in Sources */,
				3B319A3D2B4C42B70056DF68 /* OnboardingViewModel.swift in Sources */,
				0D2DB4932B4EEE60003D2414 /* LogInView.swift in Sources */,
				0D2DB4742B4EEE17003D2414 /* ProfileView.swift in Sources */,
				288038FC2B37355D00691E0E /* MovieDetailView.swift in Sources */,
				FA44168D2B4A05F900AE536B /* HeadlineView.swift in Sources */,
				FA0ABB952B4D7B03000F30DB /* MoviePosterCarouselView.swift in Sources */,
				284665652B532879003CE794 /* MovieDetailViewModel.swift in Sources */,
				FA0ABB932B4D7369000F30DB /* MovieCategoryPosterCarouselView.swift in Sources */,
				288038FF2B37357600691E0E /* WishListView.swift in Sources */,
				2880390E2B373E2900691E0E /* StorageManager.swift in Sources */,
			);
			runOnlyForDeploymentPostprocessing = 0;
		};
/* End PBXSourcesBuildPhase section */

/* Begin XCBuildConfiguration section */
		288038E72B3729A800691E0E /* Debug */ = {
			isa = XCBuildConfiguration;
			buildSettings = {
				ALWAYS_SEARCH_USER_PATHS = NO;
				ASSETCATALOG_COMPILER_GENERATE_SWIFT_ASSET_SYMBOL_EXTENSIONS = YES;
				CLANG_ANALYZER_LOCALIZABILITY_NONLOCALIZED = YES;
				CLANG_ANALYZER_NONNULL = YES;
				CLANG_ANALYZER_NUMBER_OBJECT_CONVERSION = YES_AGGRESSIVE;
				CLANG_CXX_LANGUAGE_STANDARD = "gnu++20";
				CLANG_ENABLE_MODULES = YES;
				CLANG_ENABLE_OBJC_ARC = YES;
				CLANG_ENABLE_OBJC_WEAK = YES;
				CLANG_WARN_BLOCK_CAPTURE_AUTORELEASING = YES;
				CLANG_WARN_BOOL_CONVERSION = YES;
				CLANG_WARN_COMMA = YES;
				CLANG_WARN_CONSTANT_CONVERSION = YES;
				CLANG_WARN_DEPRECATED_OBJC_IMPLEMENTATIONS = YES;
				CLANG_WARN_DIRECT_OBJC_ISA_USAGE = YES_ERROR;
				CLANG_WARN_DOCUMENTATION_COMMENTS = YES;
				CLANG_WARN_EMPTY_BODY = YES;
				CLANG_WARN_ENUM_CONVERSION = YES;
				CLANG_WARN_INFINITE_RECURSION = YES;
				CLANG_WARN_INT_CONVERSION = YES;
				CLANG_WARN_NON_LITERAL_NULL_CONVERSION = YES;
				CLANG_WARN_OBJC_IMPLICIT_RETAIN_SELF = YES;
				CLANG_WARN_OBJC_LITERAL_CONVERSION = YES;
				CLANG_WARN_OBJC_ROOT_CLASS = YES_ERROR;
				CLANG_WARN_QUOTED_INCLUDE_IN_FRAMEWORK_HEADER = YES;
				CLANG_WARN_RANGE_LOOP_ANALYSIS = YES;
				CLANG_WARN_STRICT_PROTOTYPES = YES;
				CLANG_WARN_SUSPICIOUS_MOVE = YES;
				CLANG_WARN_UNGUARDED_AVAILABILITY = YES_AGGRESSIVE;
				CLANG_WARN_UNREACHABLE_CODE = YES;
				CLANG_WARN__DUPLICATE_METHOD_MATCH = YES;
				COPY_PHASE_STRIP = NO;
				DEBUG_INFORMATION_FORMAT = dwarf;
				ENABLE_STRICT_OBJC_MSGSEND = YES;
				ENABLE_TESTABILITY = YES;
				ENABLE_USER_SCRIPT_SANDBOXING = YES;
				GCC_C_LANGUAGE_STANDARD = gnu17;
				GCC_DYNAMIC_NO_PIC = NO;
				GCC_NO_COMMON_BLOCKS = YES;
				GCC_OPTIMIZATION_LEVEL = 0;
				GCC_PREPROCESSOR_DEFINITIONS = (
					"DEBUG=1",
					"$(inherited)",
				);
				GCC_WARN_64_TO_32_BIT_CONVERSION = YES;
				GCC_WARN_ABOUT_RETURN_TYPE = YES_ERROR;
				GCC_WARN_UNDECLARED_SELECTOR = YES;
				GCC_WARN_UNINITIALIZED_AUTOS = YES_AGGRESSIVE;
				GCC_WARN_UNUSED_FUNCTION = YES;
				GCC_WARN_UNUSED_VARIABLE = YES;
				IPHONEOS_DEPLOYMENT_TARGET = 17.0;
				LOCALIZATION_PREFERS_STRING_CATALOGS = YES;
				MTL_ENABLE_DEBUG_INFO = INCLUDE_SOURCE;
				MTL_FAST_MATH = YES;
				ONLY_ACTIVE_ARCH = YES;
				SDKROOT = iphoneos;
				SWIFT_ACTIVE_COMPILATION_CONDITIONS = "DEBUG $(inherited)";
				SWIFT_OPTIMIZATION_LEVEL = "-Onone";
			};
			name = Debug;
		};
		288038E82B3729A800691E0E /* Release */ = {
			isa = XCBuildConfiguration;
			buildSettings = {
				ALWAYS_SEARCH_USER_PATHS = NO;
				ASSETCATALOG_COMPILER_GENERATE_SWIFT_ASSET_SYMBOL_EXTENSIONS = YES;
				CLANG_ANALYZER_LOCALIZABILITY_NONLOCALIZED = YES;
				CLANG_ANALYZER_NONNULL = YES;
				CLANG_ANALYZER_NUMBER_OBJECT_CONVERSION = YES_AGGRESSIVE;
				CLANG_CXX_LANGUAGE_STANDARD = "gnu++20";
				CLANG_ENABLE_MODULES = YES;
				CLANG_ENABLE_OBJC_ARC = YES;
				CLANG_ENABLE_OBJC_WEAK = YES;
				CLANG_WARN_BLOCK_CAPTURE_AUTORELEASING = YES;
				CLANG_WARN_BOOL_CONVERSION = YES;
				CLANG_WARN_COMMA = YES;
				CLANG_WARN_CONSTANT_CONVERSION = YES;
				CLANG_WARN_DEPRECATED_OBJC_IMPLEMENTATIONS = YES;
				CLANG_WARN_DIRECT_OBJC_ISA_USAGE = YES_ERROR;
				CLANG_WARN_DOCUMENTATION_COMMENTS = YES;
				CLANG_WARN_EMPTY_BODY = YES;
				CLANG_WARN_ENUM_CONVERSION = YES;
				CLANG_WARN_INFINITE_RECURSION = YES;
				CLANG_WARN_INT_CONVERSION = YES;
				CLANG_WARN_NON_LITERAL_NULL_CONVERSION = YES;
				CLANG_WARN_OBJC_IMPLICIT_RETAIN_SELF = YES;
				CLANG_WARN_OBJC_LITERAL_CONVERSION = YES;
				CLANG_WARN_OBJC_ROOT_CLASS = YES_ERROR;
				CLANG_WARN_QUOTED_INCLUDE_IN_FRAMEWORK_HEADER = YES;
				CLANG_WARN_RANGE_LOOP_ANALYSIS = YES;
				CLANG_WARN_STRICT_PROTOTYPES = YES;
				CLANG_WARN_SUSPICIOUS_MOVE = YES;
				CLANG_WARN_UNGUARDED_AVAILABILITY = YES_AGGRESSIVE;
				CLANG_WARN_UNREACHABLE_CODE = YES;
				CLANG_WARN__DUPLICATE_METHOD_MATCH = YES;
				COPY_PHASE_STRIP = NO;
				DEBUG_INFORMATION_FORMAT = "dwarf-with-dsym";
				ENABLE_NS_ASSERTIONS = NO;
				ENABLE_STRICT_OBJC_MSGSEND = YES;
				ENABLE_USER_SCRIPT_SANDBOXING = YES;
				GCC_C_LANGUAGE_STANDARD = gnu17;
				GCC_NO_COMMON_BLOCKS = YES;
				GCC_WARN_64_TO_32_BIT_CONVERSION = YES;
				GCC_WARN_ABOUT_RETURN_TYPE = YES_ERROR;
				GCC_WARN_UNDECLARED_SELECTOR = YES;
				GCC_WARN_UNINITIALIZED_AUTOS = YES_AGGRESSIVE;
				GCC_WARN_UNUSED_FUNCTION = YES;
				GCC_WARN_UNUSED_VARIABLE = YES;
				IPHONEOS_DEPLOYMENT_TARGET = 17.0;
				LOCALIZATION_PREFERS_STRING_CATALOGS = YES;
				MTL_ENABLE_DEBUG_INFO = NO;
				MTL_FAST_MATH = YES;
				SDKROOT = iphoneos;
				SWIFT_COMPILATION_MODE = wholemodule;
				VALIDATE_PRODUCT = YES;
			};
			name = Release;
		};
		288038EA2B3729A800691E0E /* Debug */ = {
			isa = XCBuildConfiguration;
			buildSettings = {
				ASSETCATALOG_COMPILER_APPICON_NAME = AppIcon;
				ASSETCATALOG_COMPILER_GLOBAL_ACCENT_COLOR_NAME = AccentColor;
				CODE_SIGN_STYLE = Automatic;
				CURRENT_PROJECT_VERSION = 1;
				DEVELOPMENT_ASSET_PATHS = "\"MovieForToday/Preview Content\"";
				DEVELOPMENT_TEAM = 5KT477LB69;
				ENABLE_PREVIEWS = YES;
				GENERATE_INFOPLIST_FILE = YES;
				INFOPLIST_FILE = MovieForToday/Info.plist;
				INFOPLIST_KEY_UIApplicationSceneManifest_Generation = YES;
				INFOPLIST_KEY_UIApplicationSupportsIndirectInputEvents = YES;
				INFOPLIST_KEY_UILaunchScreen_Generation = YES;
				INFOPLIST_KEY_UISupportedInterfaceOrientations = UIInterfaceOrientationPortrait;
				INFOPLIST_KEY_UISupportedInterfaceOrientations_iPad = "UIInterfaceOrientationLandscapeLeft UIInterfaceOrientationLandscapeRight UIInterfaceOrientationPortrait UIInterfaceOrientationPortraitUpsideDown";
				IPHONEOS_DEPLOYMENT_TARGET = 15.0;
				LD_RUNPATH_SEARCH_PATHS = (
					"$(inherited)",
					"@executable_path/Frameworks",
				);
				MARKETING_VERSION = 1.0;
				PRODUCT_BUNDLE_IDENTIFIER = ru.alexrybachev.MovieForToday;
				PRODUCT_NAME = "$(TARGET_NAME)";
				SUPPORTED_PLATFORMS = "iphoneos iphonesimulator";
				SUPPORTS_MACCATALYST = NO;
				SUPPORTS_MAC_DESIGNED_FOR_IPHONE_IPAD = NO;
				SWIFT_EMIT_LOC_STRINGS = YES;
				SWIFT_VERSION = 5.0;
				TARGETED_DEVICE_FAMILY = 1;
			};
			name = Debug;
		};
		288038EB2B3729A800691E0E /* Release */ = {
			isa = XCBuildConfiguration;
			buildSettings = {
				ASSETCATALOG_COMPILER_APPICON_NAME = AppIcon;
				ASSETCATALOG_COMPILER_GLOBAL_ACCENT_COLOR_NAME = AccentColor;
				CODE_SIGN_STYLE = Automatic;
				CURRENT_PROJECT_VERSION = 1;
				DEVELOPMENT_ASSET_PATHS = "\"MovieForToday/Preview Content\"";
				DEVELOPMENT_TEAM = 5KT477LB69;
				ENABLE_PREVIEWS = YES;
				GENERATE_INFOPLIST_FILE = YES;
				INFOPLIST_FILE = MovieForToday/Info.plist;
				INFOPLIST_KEY_UIApplicationSceneManifest_Generation = YES;
				INFOPLIST_KEY_UIApplicationSupportsIndirectInputEvents = YES;
				INFOPLIST_KEY_UILaunchScreen_Generation = YES;
				INFOPLIST_KEY_UISupportedInterfaceOrientations = UIInterfaceOrientationPortrait;
				INFOPLIST_KEY_UISupportedInterfaceOrientations_iPad = "UIInterfaceOrientationLandscapeLeft UIInterfaceOrientationLandscapeRight UIInterfaceOrientationPortrait UIInterfaceOrientationPortraitUpsideDown";
				IPHONEOS_DEPLOYMENT_TARGET = 15.0;
				LD_RUNPATH_SEARCH_PATHS = (
					"$(inherited)",
					"@executable_path/Frameworks",
				);
				MARKETING_VERSION = 1.0;
				PRODUCT_BUNDLE_IDENTIFIER = ru.alexrybachev.MovieForToday;
				PRODUCT_NAME = "$(TARGET_NAME)";
				SUPPORTED_PLATFORMS = "iphoneos iphonesimulator";
				SUPPORTS_MACCATALYST = NO;
				SUPPORTS_MAC_DESIGNED_FOR_IPHONE_IPAD = NO;
				SWIFT_EMIT_LOC_STRINGS = YES;
				SWIFT_VERSION = 5.0;
				TARGETED_DEVICE_FAMILY = 1;
			};
			name = Release;
		};
/* End XCBuildConfiguration section */

/* Begin XCConfigurationList section */
		288038D62B3729A500691E0E /* Build configuration list for PBXProject "MovieForToday" */ = {
			isa = XCConfigurationList;
			buildConfigurations = (
				288038E72B3729A800691E0E /* Debug */,
				288038E82B3729A800691E0E /* Release */,
			);
			defaultConfigurationIsVisible = 0;
			defaultConfigurationName = Release;
		};
		288038E92B3729A800691E0E /* Build configuration list for PBXNativeTarget "MovieForToday" */ = {
			isa = XCConfigurationList;
			buildConfigurations = (
				288038EA2B3729A800691E0E /* Debug */,
				288038EB2B3729A800691E0E /* Release */,
			);
			defaultConfigurationIsVisible = 0;
			defaultConfigurationName = Release;
		};
/* End XCConfigurationList section */

/* Begin XCRemoteSwiftPackageReference section */
		0D2DB4432B4EEDA2003D2414 /* XCRemoteSwiftPackageReference "firebase-ios-sdk" */ = {
			isa = XCRemoteSwiftPackageReference;
			repositoryURL = "https://github.com/firebase/firebase-ios-sdk";
			requirement = {
				kind = upToNextMajorVersion;
				minimumVersion = 10.19.1;
			};
		};
/* End XCRemoteSwiftPackageReference section */

/* Begin XCSwiftPackageProductDependency section */
		0D2DB4442B4EEDA3003D2414 /* FirebaseAuth */ = {
			isa = XCSwiftPackageProductDependency;
			package = 0D2DB4432B4EEDA2003D2414 /* XCRemoteSwiftPackageReference "firebase-ios-sdk" */;
			productName = FirebaseAuth;
		};
		0D2DB44A2B4EEDA3003D2414 /* FirebaseDatabase */ = {
			isa = XCSwiftPackageProductDependency;
			package = 0D2DB4432B4EEDA2003D2414 /* XCRemoteSwiftPackageReference "firebase-ios-sdk" */;
			productName = FirebaseDatabase;
		};
		0D2DB44C2B4EEDA3003D2414 /* FirebaseDatabaseSwift */ = {
			isa = XCSwiftPackageProductDependency;
			package = 0D2DB4432B4EEDA2003D2414 /* XCRemoteSwiftPackageReference "firebase-ios-sdk" */;
			productName = FirebaseDatabaseSwift;
		};
		0D2DB4502B4EEDA3003D2414 /* FirebaseFirestore */ = {
			isa = XCSwiftPackageProductDependency;
			package = 0D2DB4432B4EEDA2003D2414 /* XCRemoteSwiftPackageReference "firebase-ios-sdk" */;
			productName = FirebaseFirestore;
		};
		0D2DB4542B4EEDA3003D2414 /* FirebaseFirestoreSwift */ = {
			isa = XCSwiftPackageProductDependency;
			package = 0D2DB4432B4EEDA2003D2414 /* XCRemoteSwiftPackageReference "firebase-ios-sdk" */;
			productName = FirebaseFirestoreSwift;
		};
		0D2DB4562B4EEDA3003D2414 /* FirebaseFunctions */ = {
			isa = XCSwiftPackageProductDependency;
			package = 0D2DB4432B4EEDA2003D2414 /* XCRemoteSwiftPackageReference "firebase-ios-sdk" */;
			productName = FirebaseFunctions;
		};
		0D2DB45E2B4EEDA3003D2414 /* FirebaseInstallations */ = {
			isa = XCSwiftPackageProductDependency;
			package = 0D2DB4432B4EEDA2003D2414 /* XCRemoteSwiftPackageReference "firebase-ios-sdk" */;
			productName = FirebaseInstallations;
		};
		0D2DB46A2B4EEDA3003D2414 /* FirebaseStorage */ = {
			isa = XCSwiftPackageProductDependency;
			package = 0D2DB4432B4EEDA2003D2414 /* XCRemoteSwiftPackageReference "firebase-ios-sdk" */;
			productName = FirebaseStorage;
		};
		0D2DB46C2B4EEDA3003D2414 /* FirebaseStorageCombine-Community */ = {
			isa = XCSwiftPackageProductDependency;
			package = 0D2DB4432B4EEDA2003D2414 /* XCRemoteSwiftPackageReference "firebase-ios-sdk" */;
			productName = "FirebaseStorageCombine-Community";
		};
		867EA8422B3F60C70039EB19 /* RemoteImage */ = {
			isa = XCSwiftPackageProductDependency;
			productName = RemoteImage;
		};
		86AE81C52B4DE79000DF6977 /* WebPlayer */ = {
			isa = XCSwiftPackageProductDependency;
			productName = WebPlayer;
		};
		86F236E62B488077000CF45A /* Networking */ = {
			isa = XCSwiftPackageProductDependency;
			productName = Networking;
		};
/* End XCSwiftPackageProductDependency section */
	};
	rootObject = 288038D32B3729A500691E0E /* Project object */;
}
